
Microsoft Visual Studio Solution File, Format Version 12.00
# Visual Studio Version 16
VisualStudioVersion = 16.0.30011.22
MinimumVisualStudioVersion = 10.0.40219.1
Project("{9A19103F-16F7-4668-BE54-9A1E7A4F7556}") = "Corvus.EventStore.Abstractions", "Corvus.EventStore.Abstractions\Corvus.EventStore.Abstractions.csproj", "{3034E22D-3432-4121-96BF-2C1A0B75E109}"
EndProject
Project("{9A19103F-16F7-4668-BE54-9A1E7A4F7556}") = "Corvus.EventStore.Example", "Corvus.EventStore.Example\Corvus.EventStore.Example.csproj", "{0AA85FAE-6106-41BF-AE36-147258E10381}"
EndProject
Project("{FAE04EC0-301F-11D3-BF4B-00C04F79EFBC}") = "Corvus.EventStore.InMemory", "Corvus.EventStore.InMemory\Corvus.EventStore.InMemory.csproj", "{5B20C110-7E3F-486D-BA27-6109A09FFD55}"
EndProject
Global
	GlobalSection(SolutionConfigurationPlatforms) = preSolution
		Debug|Any CPU = Debug|Any CPU
		Release|Any CPU = Release|Any CPU
	EndGlobalSection
	GlobalSection(ProjectConfigurationPlatforms) = postSolution
		{3034E22D-3432-4121-96BF-2C1A0B75E109}.Debug|Any CPU.ActiveCfg = Debug|Any CPU
		{3034E22D-3432-4121-96BF-2C1A0B75E109}.Debug|Any CPU.Build.0 = Debug|Any CPU
		{3034E22D-3432-4121-96BF-2C1A0B75E109}.Release|Any CPU.ActiveCfg = Release|Any CPU
		{3034E22D-3432-4121-96BF-2C1A0B75E109}.Release|Any CPU.Build.0 = Release|Any CPU
		{0AA85FAE-6106-41BF-AE36-147258E10381}.Debug|Any CPU.ActiveCfg = Debug|Any CPU
		{0AA85FAE-6106-41BF-AE36-147258E10381}.Debug|Any CPU.Build.0 = Debug|Any CPU
		{0AA85FAE-6106-41BF-AE36-147258E10381}.Release|Any CPU.ActiveCfg = Release|Any CPU
		{0AA85FAE-6106-41BF-AE36-147258E10381}.Release|Any CPU.Build.0 = Release|Any CPU
		{5B20C110-7E3F-486D-BA27-6109A09FFD55}.Debug|Any CPU.ActiveCfg = Debug|Any CPU
		{5B20C110-7E3F-486D-BA27-6109A09FFD55}.Debug|Any CPU.Build.0 = Debug|Any CPU
		{5B20C110-7E3F-486D-BA27-6109A09FFD55}.Release|Any CPU.ActiveCfg = Release|Any CPU
		{5B20C110-7E3F-486D-BA27-6109A09FFD55}.Release|Any CPU.Build.0 = Release|Any CPU
	EndGlobalSection
	GlobalSection(SolutionProperties) = preSolution
		HideSolutionNode = FALSE
	EndGlobalSection
	GlobalSection(ExtensibilityGlobals) = postSolution
		SolutionGuid = {41A4D67E-0078-4879-A2B8-03C19A99C11D}
	EndGlobalSection
EndGlobal
